// !$*UTF8*$!
{
	archiveVersion = 1;
	classes = {
	};
	objectVersion = 46;
	objects = {

/* Begin PBXBuildFile section */
		AF7F46091EACF8570077105E /* main.m in Sources */ = {isa = PBXBuildFile; fileRef = AF7F46081EACF8570077105E /* main.m */; };
		AF7F46121EACF8570077105E /* Main.storyboard in Resources */ = {isa = PBXBuildFile; fileRef = AF7F46101EACF8570077105E /* Main.storyboard */; };
		AF7F46141EACF8570077105E /* Assets.xcassets in Resources */ = {isa = PBXBuildFile; fileRef = AF7F46131EACF8570077105E /* Assets.xcassets */; };
		AF7F46171EACF8570077105E /* LaunchScreen.storyboard in Resources */ = {isa = PBXBuildFile; fileRef = AF7F46151EACF8570077105E /* LaunchScreen.storyboard */; };
		AF7F463C1EACFB860077105E /* AppDelegate.m in Sources */ = {isa = PBXBuildFile; fileRef = AF7F46361EACFB860077105E /* AppDelegate.m */; };
/* End PBXBuildFile section */

/* Begin PBXFileReference section */
		AF7F46041EACF8570077105E /* wz-inke.app */ = {isa = PBXFileReference; explicitFileType = wrapper.application; includeInIndex = 0; path = "wz-inke.app"; sourceTree = BUILT_PRODUCTS_DIR; };
		AF7F46081EACF8570077105E /* main.m */ = {isa = PBXFileReference; lastKnownFileType = sourcecode.c.objc; path = main.m; sourceTree = "<group>"; };
		AF7F46111EACF8570077105E /* Base */ = {isa = PBXFileReference; lastKnownFileType = file.storyboard; name = Base; path = Base.lproj/Main.storyboard; sourceTree = "<group>"; };
		AF7F46131EACF8570077105E /* Assets.xcassets */ = {isa = PBXFileReference; lastKnownFileType = folder.assetcatalog; path = Assets.xcassets; sourceTree = "<group>"; };
		AF7F46161EACF8570077105E /* Base */ = {isa = PBXFileReference; lastKnownFileType = file.storyboard; name = Base; path = Base.lproj/LaunchScreen.storyboard; sourceTree = "<group>"; };
		AF7F46181EACF8570077105E /* Info.plist */ = {isa = PBXFileReference; lastKnownFileType = text.plist.xml; path = Info.plist; sourceTree = "<group>"; };
		AF7F46351EACFB860077105E /* AppDelegate.h */ = {isa = PBXFileReference; fileEncoding = 4; lastKnownFileType = sourcecode.c.h; path = AppDelegate.h; sourceTree = "<group>"; };
		AF7F46361EACFB860077105E /* AppDelegate.m */ = {isa = PBXFileReference; fileEncoding = 4; lastKnownFileType = sourcecode.c.objc; path = AppDelegate.m; sourceTree = "<group>"; };
/* End PBXFileReference section */

/* Begin PBXFrameworksBuildPhase section */
		AF7F46011EACF8570077105E /* Frameworks */ = {
			isa = PBXFrameworksBuildPhase;
			buildActionMask = 2147483647;
			files = (
			);
			runOnlyForDeploymentPostprocessing = 0;
		};
/* End PBXFrameworksBuildPhase section */

/* Begin PBXGroup section */
		AF7F45FB1EACF8570077105E = {
			isa = PBXGroup;
			children = (
				AF7F46061EACF8570077105E /* wz-inke */,
				AF7F46051EACF8570077105E /* Products */,
			);
			sourceTree = "<group>";
		};
		AF7F46051EACF8570077105E /* Products */ = {
			isa = PBXGroup;
			children = (
				AF7F46041EACF8570077105E /* wz-inke.app */,
			);
			name = Products;
			sourceTree = "<group>";
		};
		AF7F46061EACF8570077105E /* wz-inke */ = {
			isa = PBXGroup;
			children = (
				AF7F461E1EACFB860077105E /* Class */,
				AF7F46071EACF8570077105E /* Supporting Files */,
			);
			path = "wz-inke";
			sourceTree = "<group>";
		};
		AF7F46071EACF8570077105E /* Supporting Files */ = {
			isa = PBXGroup;
			children = (
				AF7F46101EACF8570077105E /* Main.storyboard */,
				AF7F46131EACF8570077105E /* Assets.xcassets */,
				AF7F46151EACF8570077105E /* LaunchScreen.storyboard */,
				AF7F46181EACF8570077105E /* Info.plist */,
				AF7F46081EACF8570077105E /* main.m */,
			);
			name = "Supporting Files";
			sourceTree = "<group>";
		};
		AF7F461E1EACFB860077105E /* Class */ = {
			isa = PBXGroup;
			children = (
				AF7F461F1EACFB860077105E /* Base */,
				AF7F46201EACFB860077105E /* Helper */,
				AF7F46231EACFB860077105E /* Launch */,
				AF7F46281EACFB860077105E /* Lib */,
				AF7F46291EACFB860077105E /* Live */,
				AF7F462E1EACFB860077105E /* Me */,
				AF7F46331EACFB860077105E /* Network */,
				AF7F46341EACFB860077105E /* Other */,
				AF7F46371EACFB860077105E /* Show */,
			);
			path = Class;
			sourceTree = "<group>";
		};
		AF7F461F1EACFB860077105E /* Base */ = {
			isa = PBXGroup;
			children = (
			);
			path = Base;
			sourceTree = "<group>";
		};
		AF7F46201EACFB860077105E /* Helper */ = {
			isa = PBXGroup;
			children = (
				AF7F46211EACFB860077105E /* Category */,
				AF7F46221EACFB860077105E /* Tools */,
			);
			path = Helper;
			sourceTree = "<group>";
		};
		AF7F46211EACFB860077105E /* Category */ = {
			isa = PBXGroup;
			children = (
			);
			path = Category;
			sourceTree = "<group>";
		};
		AF7F46221EACFB860077105E /* Tools */ = {
			isa = PBXGroup;
			children = (
			);
			path = Tools;
			sourceTree = "<group>";
		};
		AF7F46231EACFB860077105E /* Launch */ = {
			isa = PBXGroup;
			children = (
				AF7F46241EACFB860077105E /* Handler */,
				AF7F46251EACFB860077105E /* Model */,
				AF7F46261EACFB860077105E /* View */,
				AF7F46271EACFB860077105E /* ViewController */,
			);
			path = Launch;
			sourceTree = "<group>";
		};
		AF7F46241EACFB860077105E /* Handler */ = {
			isa = PBXGroup;
			children = (
			);
			path = Handler;
			sourceTree = "<group>";
		};
		AF7F46251EACFB860077105E /* Model */ = {
			isa = PBXGroup;
			children = (
			);
			path = Model;
			sourceTree = "<group>";
		};
		AF7F46261EACFB860077105E /* View */ = {
			isa = PBXGroup;
			children = (
			);
			path = View;
			sourceTree = "<group>";
		};
		AF7F46271EACFB860077105E /* ViewController */ = {
			isa = PBXGroup;
			children = (
			);
			path = ViewController;
			sourceTree = "<group>";
		};
		AF7F46281EACFB860077105E /* Lib */ = {
			isa = PBXGroup;
			children = (
			);
			path = Lib;
			sourceTree = "<group>";
		};
		AF7F46291EACFB860077105E /* Live */ = {
			isa = PBXGroup;
			children = (
				AF7F462A1EACFB860077105E /* Handler */,
				AF7F462B1EACFB860077105E /* Model */,
				AF7F462C1EACFB860077105E /* View */,
				AF7F462D1EACFB860077105E /* ViewController */,
			);
			path = Live;
			sourceTree = "<group>";
		};
		AF7F462A1EACFB860077105E /* Handler */ = {
			isa = PBXGroup;
			children = (
			);
			path = Handler;
			sourceTree = "<group>";
		};
		AF7F462B1EACFB860077105E /* Model */ = {
			isa = PBXGroup;
			children = (
			);
			path = Model;
			sourceTree = "<group>";
		};
		AF7F462C1EACFB860077105E /* View */ = {
			isa = PBXGroup;
			children = (
			);
			path = View;
			sourceTree = "<group>";
		};
		AF7F462D1EACFB860077105E /* ViewController */ = {
			isa = PBXGroup;
			children = (
			);
			path = ViewController;
			sourceTree = "<group>";
		};
		AF7F462E1EACFB860077105E /* Me */ = {
			isa = PBXGroup;
			children = (
				AF7F462F1EACFB860077105E /* Handler */,
				AF7F46301EACFB860077105E /* Model */,
				AF7F46311EACFB860077105E /* View */,
				AF7F46321EACFB860077105E /* ViewController */,
			);
			path = Me;
			sourceTree = "<group>";
		};
		AF7F462F1EACFB860077105E /* Handler */ = {
			isa = PBXGroup;
			children = (
			);
			path = Handler;
			sourceTree = "<group>";
		};
		AF7F46301EACFB860077105E /* Model */ = {
			isa = PBXGroup;
			children = (
			);
			path = Model;
			sourceTree = "<group>";
		};
		AF7F46311EACFB860077105E /* View */ = {
			isa = PBXGroup;
			children = (
			);
			path = View;
			sourceTree = "<group>";
		};
		AF7F46321EACFB860077105E /* ViewController */ = {
			isa = PBXGroup;
			children = (
			);
			path = ViewController;
			sourceTree = "<group>";
		};
		AF7F46331EACFB860077105E /* Network */ = {
			isa = PBXGroup;
			children = (
			);
			path = Network;
			sourceTree = "<group>";
		};
		AF7F46341EACFB860077105E /* Other */ = {
			isa = PBXGroup;
			children = (
				AF7F46351EACFB860077105E /* AppDelegate.h */,
				AF7F46361EACFB860077105E /* AppDelegate.m */,
			);
			path = Other;
			sourceTree = "<group>";
		};
		AF7F46371EACFB860077105E /* Show */ = {
			isa = PBXGroup;
			children = (
				AF7F46381EACFB860077105E /* Handler */,
				AF7F46391EACFB860077105E /* Model */,
				AF7F463A1EACFB860077105E /* View */,
				AF7F463B1EACFB860077105E /* ViewController */,
			);
			path = Show;
			sourceTree = "<group>";
		};
		AF7F46381EACFB860077105E /* Handler */ = {
			isa = PBXGroup;
			children = (
			);
			path = Handler;
			sourceTree = "<group>";
		};
		AF7F46391EACFB860077105E /* Model */ = {
			isa = PBXGroup;
			children = (
			);
			path = Model;
			sourceTree = "<group>";
		};
		AF7F463A1EACFB860077105E /* View */ = {
			isa = PBXGroup;
			children = (
			);
			path = View;
			sourceTree = "<group>";
		};
		AF7F463B1EACFB860077105E /* ViewController */ = {
			isa = PBXGroup;
			children = (
			);
			path = ViewController;
			sourceTree = "<group>";
		};
/* End PBXGroup section */

/* Begin PBXNativeTarget section */
		AF7F46031EACF8570077105E /* wz-inke */ = {
			isa = PBXNativeTarget;
			buildConfigurationList = AF7F461B1EACF8570077105E /* Build configuration list for PBXNativeTarget "wz-inke" */;
			buildPhases = (
				AF7F46001EACF8570077105E /* Sources */,
				AF7F46011EACF8570077105E /* Frameworks */,
				AF7F46021EACF8570077105E /* Resources */,
			);
			buildRules = (
			);
			dependencies = (
			);
			name = "wz-inke";
			productName = "wz-inke";
			productReference = AF7F46041EACF8570077105E /* wz-inke.app */;
			productType = "com.apple.product-type.application";
		};
/* End PBXNativeTarget section */

/* Begin PBXProject section */
		AF7F45FC1EACF8570077105E /* Project object */ = {
			isa = PBXProject;
			attributes = {
				LastUpgradeCheck = 0830;
				ORGANIZATIONNAME = jwz;
				TargetAttributes = {
					AF7F46031EACF8570077105E = {
						CreatedOnToolsVersion = 8.3.2;
						DevelopmentTeam = N729L435R7;
						ProvisioningStyle = Automatic;
					};
				};
			};
			buildConfigurationList = AF7F45FF1EACF8570077105E /* Build configuration list for PBXProject "wz-inke" */;
			compatibilityVersion = "Xcode 3.2";
			developmentRegion = English;
			hasScannedForEncodings = 0;
			knownRegions = (
				en,
				Base,
			);
			mainGroup = AF7F45FB1EACF8570077105E;
			productRefGroup = AF7F46051EACF8570077105E /* Products */;
			projectDirPath = "";
			projectRoot = "";
			targets = (
				AF7F46031EACF8570077105E /* wz-inke */,
			);
		};
/* End PBXProject section */

/* Begin PBXResourcesBuildPhase section */
		AF7F46021EACF8570077105E /* Resources */ = {
			isa = PBXResourcesBuildPhase;
			buildActionMask = 2147483647;
			files = (
				AF7F46171EACF8570077105E /* LaunchScreen.storyboard in Resources */,
				AF7F46141EACF8570077105E /* Assets.xcassets in Resources */,
				AF7F46121EACF8570077105E /* Main.storyboard in Resources */,
			);
			runOnlyForDeploymentPostprocessing = 0;
		};
/* End PBXResourcesBuildPhase section */

/* Begin PBXSourcesBuildPhase section */
		AF7F46001EACF8570077105E /* Sources */ = {
			isa = PBXSourcesBuildPhase;
			buildActionMask = 2147483647;
			files = (
				AF7F463C1EACFB860077105E /* AppDelegate.m in Sources */,
				AF7F46091EACF8570077105E /* main.m in Sources */,
			);
			runOnlyForDeploymentPostprocessing = 0;
		};
/* End PBXSourcesBuildPhase section */

/* Begin PBXVariantGroup section */
		AF7F46101EACF8570077105E /* Main.storyboard */ = {
			isa = PBXVariantGroup;
			children = (
				AF7F46111EACF8570077105E /* Base */,
			);
			name = Main.storyboard;
			sourceTree = "<group>";
		};
		AF7F46151EACF8570077105E /* LaunchScreen.storyboard */ = {
			isa = PBXVariantGroup;
			children = (
				AF7F46161EACF8570077105E /* Base */,
			);
			name = LaunchScreen.storyboard;
			sourceTree = "<group>";
		};
/* End PBXVariantGroup section */

/* Begin XCBuildConfiguration section */
		AF7F46191EACF8570077105E /* Debug */ = {
			isa = XCBuildConfiguration;
			buildSettings = {
				ALWAYS_SEARCH_USER_PATHS = NO;
				CLANG_ANALYZER_NONNULL = YES;
				CLANG_ANALYZER_NUMBER_OBJECT_CONVERSION = YES_AGGRESSIVE;
				CLANG_CXX_LANGUAGE_STANDARD = "gnu++0x";
				CLANG_CXX_LIBRARY = "libc++";
				CLANG_ENABLE_MODULES = YES;
				CLANG_ENABLE_OBJC_ARC = YES;
				CLANG_WARN_BOOL_CONVERSION = YES;
				CLANG_WARN_CONSTANT_CONVERSION = YES;
				CLANG_WARN_DIRECT_OBJC_ISA_USAGE = YES_ERROR;
				CLANG_WARN_DOCUMENTATION_COMMENTS = YES;
				CLANG_WARN_EMPTY_BODY = YES;
				CLANG_WARN_ENUM_CONVERSION = YES;
				CLANG_WARN_INFINITE_RECURSION = YES;
				CLANG_WARN_INT_CONVERSION = YES;
				CLANG_WARN_OBJC_ROOT_CLASS = YES_ERROR;
				CLANG_WARN_SUSPICIOUS_MOVE = YES;
				CLANG_WARN_UNREACHABLE_CODE = YES;
				CLANG_WARN__DUPLICATE_METHOD_MATCH = YES;
				"CODE_SIGN_IDENTITY[sdk=iphoneos*]" = "iPhone Developer";
				COPY_PHASE_STRIP = NO;
				DEBUG_INFORMATION_FORMAT = dwarf;
				ENABLE_STRICT_OBJC_MSGSEND = YES;
				ENABLE_TESTABILITY = YES;
				GCC_C_LANGUAGE_STANDARD = gnu99;
				GCC_DYNAMIC_NO_PIC = NO;
				GCC_NO_COMMON_BLOCKS = YES;
				GCC_OPTIMIZATION_LEVEL = 0;
				GCC_PREPROCESSOR_DEFINITIONS = (
					"DEBUG=1",
					"$(inherited)",
				);
				GCC_WARN_64_TO_32_BIT_CONVERSION = YES;
				GCC_WARN_ABOUT_RETURN_TYPE = YES_ERROR;
				GCC_WARN_UNDECLARED_SELECTOR = YES;
				GCC_WARN_UNINITIALIZED_AUTOS = YES_AGGRESSIVE;
				GCC_WARN_UNUSED_FUNCTION = YES;
				GCC_WARN_UNUSED_VARIABLE = YES;
				IPHONEOS_DEPLOYMENT_TARGET = 10.3;
				MTL_ENABLE_DEBUG_INFO = YES;
				ONLY_ACTIVE_ARCH = YES;
				SDKROOT = iphoneos;
				TARGETED_DEVICE_FAMILY = "1,2";
			};
			name = Debug;
		};
		AF7F461A1EACF8570077105E /* Release */ = {
			isa = XCBuildConfiguration;
			buildSettings = {
				ALWAYS_SEARCH_USER_PATHS = NO;
				CLANG_ANALYZER_NONNULL = YES;
				CLANG_ANALYZER_NUMBER_OBJECT_CONVERSION = YES_AGGRESSIVE;
				CLANG_CXX_LANGUAGE_STANDARD = "gnu++0x";
				CLANG_CXX_LIBRARY = "libc++";
				CLANG_ENABLE_MODULES = YES;
				CLANG_ENABLE_OBJC_ARC = YES;
				CLANG_WARN_BOOL_CONVERSION = YES;
				CLANG_WARN_CONSTANT_CONVERSION = YES;
				CLANG_WARN_DIRECT_OBJC_ISA_USAGE = YES_ERROR;
				CLANG_WARN_DOCUMENTATION_COMMENTS = YES;
				CLANG_WARN_EMPTY_BODY = YES;
				CLANG_WARN_ENUM_CONVERSION = YES;
				CLANG_WARN_INFINITE_RECURSION = YES;
				CLANG_WARN_INT_CONVERSION = YES;
				CLANG_WARN_OBJC_ROOT_CLASS = YES_ERROR;
				CLANG_WARN_SUSPICIOUS_MOVE = YES;
				CLANG_WARN_UNREACHABLE_CODE = YES;
				CLANG_WARN__DUPLICATE_METHOD_MATCH = YES;
				"CODE_SIGN_IDENTITY[sdk=iphoneos*]" = "iPhone Developer";
				COPY_PHASE_STRIP = NO;
				DEBUG_INFORMATION_FORMAT = "dwarf-with-dsym";
				ENABLE_NS_ASSERTIONS = NO;
				ENABLE_STRICT_OBJC_MSGSEND = YES;
				GCC_C_LANGUAGE_STANDARD = gnu99;
				GCC_NO_COMMON_BLOCKS = YES;
				GCC_WARN_64_TO_32_BIT_CONVERSION = YES;
				GCC_WARN_ABOUT_RETURN_TYPE = YES_ERROR;
				GCC_WARN_UNDECLARED_SELECTOR = YES;
				GCC_WARN_UNINITIALIZED_AUTOS = YES_AGGRESSIVE;
				GCC_WARN_UNUSED_FUNCTION = YES;
				GCC_WARN_UNUSED_VARIABLE = YES;
				IPHONEOS_DEPLOYMENT_TARGET = 10.3;
				MTL_ENABLE_DEBUG_INFO = NO;
				SDKROOT = iphoneos;
				TARGETED_DEVICE_FAMILY = "1,2";
				VALIDATE_PRODUCT = YES;
			};
			name = Release;
		};
		AF7F461C1EACF8570077105E /* Debug */ = {
			isa = XCBuildConfiguration;
			buildSettings = {
				ASSETCATALOG_COMPILER_APPICON_NAME = AppIcon;
				DEVELOPMENT_TEAM = N729L435R7;
				INFOPLIST_FILE = "wz-inke/Info.plist";
				IPHONEOS_DEPLOYMENT_TARGET = 9.0;
				LD_RUNPATH_SEARCH_PATHS = "$(inherited) @executable_path/Frameworks";
				PRODUCT_BUNDLE_IDENTIFIER = "com.Carduo.wz-inke";
				PRODUCT_NAME = "$(TARGET_NAME)";
			};
			name = Debug;
		};
		AF7F461D1EACF8570077105E /* Release */ = {
			isa = XCBuildConfiguration;
			buildSettings = {
				ASSETCATALOG_COMPILER_APPICON_NAME = AppIcon;
				DEVELOPMENT_TEAM = N729L435R7;
				INFOPLIST_FILE = "wz-inke/Info.plist";
				IPHONEOS_DEPLOYMENT_TARGET = 9.0;
				LD_RUNPATH_SEARCH_PATHS = "$(inherited) @executable_path/Frameworks";
				PRODUCT_BUNDLE_IDENTIFIER = "com.Carduo.wz-inke";
				PRODUCT_NAME = "$(TARGET_NAME)";
			};
			name = Release;
		};
/* End XCBuildConfiguration section */

/* Begin XCConfigurationList section */
		AF7F45FF1EACF8570077105E /* Build configuration list for PBXProject "wz-inke" */ = {
			isa = XCConfigurationList;
			buildConfigurations = (
				AF7F46191EACF8570077105E /* Debug */,
				AF7F461A1EACF8570077105E /* Release */,
			);
			defaultConfigurationIsVisible = 0;
			defaultConfigurationName = Release;
		};
		AF7F461B1EACF8570077105E /* Build configuration list for PBXNativeTarget "wz-inke" */ = {
			isa = XCConfigurationList;
			buildConfigurations = (
				AF7F461C1EACF8570077105E /* Debug */,
				AF7F461D1EACF8570077105E /* Release */,
			);
			defaultConfigurationIsVisible = 0;
		};
/* End XCConfigurationList section */
	};
	rootObject = AF7F45FC1EACF8570077105E /* Project object */;
}
