// !$*UTF8*$!
{
	archiveVersion = 1;
	classes = {
	};
	objectVersion = 46;
	objects = {

/* Begin PBXBuildFile section */
		4929C6611EAEEFB600EF284C /* MJExtensionConfig.m in Sources */ = {isa = PBXBuildFile; fileRef = 4929C6601EAEEFB600EF284C /* MJExtensionConfig.m */; };
		4929C6651EAEF53900EF284C /* WZLiveCell.m in Sources */ = {isa = PBXBuildFile; fileRef = 4929C6631EAEF53900EF284C /* WZLiveCell.m */; };
		4929C6661EAEF53900EF284C /* WZLiveCell.xib in Resources */ = {isa = PBXBuildFile; fileRef = 4929C6641EAEF53900EF284C /* WZLiveCell.xib */; };
		493DAE5F1EB041AD00943F3A /* libstdc++.tbd in Frameworks */ = {isa = PBXBuildFile; fileRef = 493DAE5E1EB041AD00943F3A /* libstdc++.tbd */; };
		493DAE671EB0552200943F3A /* WZPlayerViewController.m in Sources */ = {isa = PBXBuildFile; fileRef = 493DAE661EB0552200943F3A /* WZPlayerViewController.m */; };
		493DAE691EB061F100943F3A /* IJKMediaFramework.framework in Frameworks */ = {isa = PBXBuildFile; fileRef = 493DAE681EB061F100943F3A /* IJKMediaFramework.framework */; };
		497548791EAF4EF60019655D /* AudioToolbox.framework in Frameworks */ = {isa = PBXBuildFile; fileRef = 497548781EAF4EF60019655D /* AudioToolbox.framework */; };
		4975487B1EAF4EFE0019655D /* AVFoundation.framework in Frameworks */ = {isa = PBXBuildFile; fileRef = 4975487A1EAF4EFE0019655D /* AVFoundation.framework */; };
		4975487D1EAF4F060019655D /* CoreGraphics.framework in Frameworks */ = {isa = PBXBuildFile; fileRef = 4975487C1EAF4F060019655D /* CoreGraphics.framework */; };
		4975487F1EAF4F0E0019655D /* CoreMedia.framework in Frameworks */ = {isa = PBXBuildFile; fileRef = 4975487E1EAF4F0E0019655D /* CoreMedia.framework */; };
		497548811EAF4F150019655D /* CoreVideo.framework in Frameworks */ = {isa = PBXBuildFile; fileRef = 497548801EAF4F150019655D /* CoreVideo.framework */; };
		497548831EAF4F220019655D /* libbz2.tbd in Frameworks */ = {isa = PBXBuildFile; fileRef = 497548821EAF4F220019655D /* libbz2.tbd */; };
		497548851EAF4F280019655D /* libz.tbd in Frameworks */ = {isa = PBXBuildFile; fileRef = 497548841EAF4F280019655D /* libz.tbd */; };
		497548871EAF4F300019655D /* MediaPlayer.framework in Frameworks */ = {isa = PBXBuildFile; fileRef = 497548861EAF4F300019655D /* MediaPlayer.framework */; };
		497548891EAF4F3A0019655D /* MobileCoreServices.framework in Frameworks */ = {isa = PBXBuildFile; fileRef = 497548881EAF4F3A0019655D /* MobileCoreServices.framework */; };
		4975488B1EAF4F410019655D /* OpenGLES.framework in Frameworks */ = {isa = PBXBuildFile; fileRef = 4975488A1EAF4F410019655D /* OpenGLES.framework */; };
		4975488D1EAF4F490019655D /* QuartzCore.framework in Frameworks */ = {isa = PBXBuildFile; fileRef = 4975488C1EAF4F490019655D /* QuartzCore.framework */; };
		4975488F1EAF4F510019655D /* UIKit.framework in Frameworks */ = {isa = PBXBuildFile; fileRef = 4975488E1EAF4F500019655D /* UIKit.framework */; };
		497548911EAF4F570019655D /* VideoToolbox.framework in Frameworks */ = {isa = PBXBuildFile; fileRef = 497548901EAF4F570019655D /* VideoToolbox.framework */; };
		498551D21EB08C3300AB1CDC /* WZLocationManager.m in Sources */ = {isa = PBXBuildFile; fileRef = 498551D11EB08C3300AB1CDC /* WZLocationManager.m */; };
		498551D61EB095AB00AB1CDC /* WZNearLiveCell.m in Sources */ = {isa = PBXBuildFile; fileRef = 498551D41EB095AB00AB1CDC /* WZNearLiveCell.m */; };
		498551D71EB095AB00AB1CDC /* WZNearLiveCell.xib in Resources */ = {isa = PBXBuildFile; fileRef = 498551D51EB095AB00AB1CDC /* WZNearLiveCell.xib */; };
		49B7724B1EADCE23003FDF57 /* WZTabBarViewController.m in Sources */ = {isa = PBXBuildFile; fileRef = 49B7724A1EADCE23003FDF57 /* WZTabBarViewController.m */; };
		49B7724E1EADCE4A003FDF57 /* WZTabBar.m in Sources */ = {isa = PBXBuildFile; fileRef = 49B7724D1EADCE4A003FDF57 /* WZTabBar.m */; };
		49B772511EADD651003FDF57 /* WZBaseViewController.m in Sources */ = {isa = PBXBuildFile; fileRef = 49B772501EADD651003FDF57 /* WZBaseViewController.m */; };
		49B772551EADD66D003FDF57 /* WZMainViewController.m in Sources */ = {isa = PBXBuildFile; fileRef = 49B772531EADD66D003FDF57 /* WZMainViewController.m */; };
		49B772561EADD66D003FDF57 /* WZMainViewController.xib in Resources */ = {isa = PBXBuildFile; fileRef = 49B772541EADD66D003FDF57 /* WZMainViewController.xib */; };
		49B7725A1EADD67E003FDF57 /* WZMeViewController.m in Sources */ = {isa = PBXBuildFile; fileRef = 49B772581EADD67E003FDF57 /* WZMeViewController.m */; };
		49B7725B1EADD67E003FDF57 /* WZMeViewController.xib in Resources */ = {isa = PBXBuildFile; fileRef = 49B772591EADD67E003FDF57 /* WZMeViewController.xib */; };
		49B7725E1EADD767003FDF57 /* WZBaseNavViewController.m in Sources */ = {isa = PBXBuildFile; fileRef = 49B7725D1EADD767003FDF57 /* WZBaseNavViewController.m */; };
		49B772621EADE2CD003FDF57 /* WZLaunchViewController.m in Sources */ = {isa = PBXBuildFile; fileRef = 49B772601EADE2CD003FDF57 /* WZLaunchViewController.m */; };
		49B772631EADE2CD003FDF57 /* WZLaunchViewController.xib in Resources */ = {isa = PBXBuildFile; fileRef = 49B772611EADE2CD003FDF57 /* WZLaunchViewController.xib */; };
		49B772671EADEC0D003FDF57 /* WZFocuseViewController.m in Sources */ = {isa = PBXBuildFile; fileRef = 49B772651EADEC0D003FDF57 /* WZFocuseViewController.m */; };
		49B772681EADEC0D003FDF57 /* WZFocuseViewController.xib in Resources */ = {isa = PBXBuildFile; fileRef = 49B772661EADEC0D003FDF57 /* WZFocuseViewController.xib */; };
		49B7726C1EADEC23003FDF57 /* WZHotViewController.m in Sources */ = {isa = PBXBuildFile; fileRef = 49B7726A1EADEC23003FDF57 /* WZHotViewController.m */; };
		49B772711EADEC3A003FDF57 /* WZNearViewController.m in Sources */ = {isa = PBXBuildFile; fileRef = 49B7726F1EADEC3A003FDF57 /* WZNearViewController.m */; };
		49B772721EADEC3A003FDF57 /* WZNearViewController.xib in Resources */ = {isa = PBXBuildFile; fileRef = 49B772701EADEC3A003FDF57 /* WZNearViewController.xib */; };
		49B772751EADF4EB003FDF57 /* WZMainTopView.m in Sources */ = {isa = PBXBuildFile; fileRef = 49B772741EADF4EB003FDF57 /* WZMainTopView.m */; };
		49EE51F41EB18E6B00C24582 /* Flow.m in Sources */ = {isa = PBXBuildFile; fileRef = 49EE51F31EB18E6B00C24582 /* Flow.m */; };
		AF7F46091EACF8570077105E /* main.m in Sources */ = {isa = PBXBuildFile; fileRef = AF7F46081EACF8570077105E /* main.m */; };
		AF7F46141EACF8570077105E /* Assets.xcassets in Resources */ = {isa = PBXBuildFile; fileRef = AF7F46131EACF8570077105E /* Assets.xcassets */; };
		AF7F463C1EACFB860077105E /* AppDelegate.m in Sources */ = {isa = PBXBuildFile; fileRef = AF7F46361EACFB860077105E /* AppDelegate.m */; };
		AF856FF21EAE378900B0EF75 /* HttpTool.m in Sources */ = {isa = PBXBuildFile; fileRef = AF856FEF1EAE378900B0EF75 /* HttpTool.m */; };
		AF856FF31EAE378900B0EF75 /* UIImageView+SDWebImage.m in Sources */ = {isa = PBXBuildFile; fileRef = AF856FF11EAE378900B0EF75 /* UIImageView+SDWebImage.m */; };
		AF856FF61EAE3A7000B0EF75 /* WZBaseHandler.m in Sources */ = {isa = PBXBuildFile; fileRef = AF856FF51EAE3A7000B0EF75 /* WZBaseHandler.m */; };
		AF856FF91EAE3B1A00B0EF75 /* WZLiveHandler.m in Sources */ = {isa = PBXBuildFile; fileRef = AF856FF81EAE3B1A00B0EF75 /* WZLiveHandler.m */; };
		AF8570151EAE433000B0EF75 /* Creator.m in Sources */ = {isa = PBXBuildFile; fileRef = AF85700C1EAE433000B0EF75 /* Creator.m */; };
		AF8570161EAE433000B0EF75 /* Extra.m in Sources */ = {isa = PBXBuildFile; fileRef = AF85700E1EAE433000B0EF75 /* Extra.m */; };
		AF8570171EAE433000B0EF75 /* Label.m in Sources */ = {isa = PBXBuildFile; fileRef = AF8570101EAE433000B0EF75 /* Label.m */; };
		AF8570181EAE433000B0EF75 /* Live.m in Sources */ = {isa = PBXBuildFile; fileRef = AF8570121EAE433000B0EF75 /* Live.m */; };
		AF8570191EAE433000B0EF75 /* RootClass.m in Sources */ = {isa = PBXBuildFile; fileRef = AF8570141EAE433000B0EF75 /* RootClass.m */; };
		BF5C65AAC89526D3F9B8FA04 /* libPods-wz-inke.a in Frameworks */ = {isa = PBXBuildFile; fileRef = 8F729960E06E1043E4A3225D /* libPods-wz-inke.a */; };
/* End PBXBuildFile section */

/* Begin PBXFileReference section */
		4929C65F1EAEEFB600EF284C /* MJExtensionConfig.h */ = {isa = PBXFileReference; fileEncoding = 4; lastKnownFileType = sourcecode.c.h; path = MJExtensionConfig.h; sourceTree = "<group>"; };
		4929C6601EAEEFB600EF284C /* MJExtensionConfig.m */ = {isa = PBXFileReference; fileEncoding = 4; lastKnownFileType = sourcecode.c.objc; path = MJExtensionConfig.m; sourceTree = "<group>"; };
		4929C6621EAEF53900EF284C /* WZLiveCell.h */ = {isa = PBXFileReference; fileEncoding = 4; lastKnownFileType = sourcecode.c.h; name = WZLiveCell.h; path = "wz-inke/Class/Other/WZLiveCell.h"; sourceTree = SOURCE_ROOT; };
		4929C6631EAEF53900EF284C /* WZLiveCell.m */ = {isa = PBXFileReference; fileEncoding = 4; lastKnownFileType = sourcecode.c.objc; name = WZLiveCell.m; path = "wz-inke/Class/Other/WZLiveCell.m"; sourceTree = SOURCE_ROOT; };
		4929C6641EAEF53900EF284C /* WZLiveCell.xib */ = {isa = PBXFileReference; fileEncoding = 4; lastKnownFileType = file.xib; name = WZLiveCell.xib; path = "wz-inke/Class/Other/WZLiveCell.xib"; sourceTree = SOURCE_ROOT; };
		493DAE5E1EB041AD00943F3A /* libstdc++.tbd */ = {isa = PBXFileReference; lastKnownFileType = "sourcecode.text-based-dylib-definition"; name = "libstdc++.tbd"; path = "usr/lib/libstdc++.tbd"; sourceTree = SDKROOT; };
		493DAE651EB0552200943F3A /* WZPlayerViewController.h */ = {isa = PBXFileReference; fileEncoding = 4; lastKnownFileType = sourcecode.c.h; name = WZPlayerViewController.h; path = "wz-inke/Class/Other/WZPlayerViewController.h"; sourceTree = SOURCE_ROOT; };
		493DAE661EB0552200943F3A /* WZPlayerViewController.m */ = {isa = PBXFileReference; fileEncoding = 4; lastKnownFileType = sourcecode.c.objc; name = WZPlayerViewController.m; path = "wz-inke/Class/Other/WZPlayerViewController.m"; sourceTree = SOURCE_ROOT; };
		493DAE681EB061F100943F3A /* IJKMediaFramework.framework */ = {isa = PBXFileReference; lastKnownFileType = wrapper.framework; path = IJKMediaFramework.framework; sourceTree = "<group>"; };
		497548781EAF4EF60019655D /* AudioToolbox.framework */ = {isa = PBXFileReference; lastKnownFileType = wrapper.framework; name = AudioToolbox.framework; path = System/Library/Frameworks/AudioToolbox.framework; sourceTree = SDKROOT; };
		4975487A1EAF4EFE0019655D /* AVFoundation.framework */ = {isa = PBXFileReference; lastKnownFileType = wrapper.framework; name = AVFoundation.framework; path = System/Library/Frameworks/AVFoundation.framework; sourceTree = SDKROOT; };
		4975487C1EAF4F060019655D /* CoreGraphics.framework */ = {isa = PBXFileReference; lastKnownFileType = wrapper.framework; name = CoreGraphics.framework; path = System/Library/Frameworks/CoreGraphics.framework; sourceTree = SDKROOT; };
		4975487E1EAF4F0E0019655D /* CoreMedia.framework */ = {isa = PBXFileReference; lastKnownFileType = wrapper.framework; name = CoreMedia.framework; path = System/Library/Frameworks/CoreMedia.framework; sourceTree = SDKROOT; };
		497548801EAF4F150019655D /* CoreVideo.framework */ = {isa = PBXFileReference; lastKnownFileType = wrapper.framework; name = CoreVideo.framework; path = System/Library/Frameworks/CoreVideo.framework; sourceTree = SDKROOT; };
		497548821EAF4F220019655D /* libbz2.tbd */ = {isa = PBXFileReference; lastKnownFileType = "sourcecode.text-based-dylib-definition"; name = libbz2.tbd; path = usr/lib/libbz2.tbd; sourceTree = SDKROOT; };
		497548841EAF4F280019655D /* libz.tbd */ = {isa = PBXFileReference; lastKnownFileType = "sourcecode.text-based-dylib-definition"; name = libz.tbd; path = usr/lib/libz.tbd; sourceTree = SDKROOT; };
		497548861EAF4F300019655D /* MediaPlayer.framework */ = {isa = PBXFileReference; lastKnownFileType = wrapper.framework; name = MediaPlayer.framework; path = System/Library/Frameworks/MediaPlayer.framework; sourceTree = SDKROOT; };
		497548881EAF4F3A0019655D /* MobileCoreServices.framework */ = {isa = PBXFileReference; lastKnownFileType = wrapper.framework; name = MobileCoreServices.framework; path = System/Library/Frameworks/MobileCoreServices.framework; sourceTree = SDKROOT; };
		4975488A1EAF4F410019655D /* OpenGLES.framework */ = {isa = PBXFileReference; lastKnownFileType = wrapper.framework; name = OpenGLES.framework; path = System/Library/Frameworks/OpenGLES.framework; sourceTree = SDKROOT; };
		4975488C1EAF4F490019655D /* QuartzCore.framework */ = {isa = PBXFileReference; lastKnownFileType = wrapper.framework; name = QuartzCore.framework; path = System/Library/Frameworks/QuartzCore.framework; sourceTree = SDKROOT; };
		4975488E1EAF4F500019655D /* UIKit.framework */ = {isa = PBXFileReference; lastKnownFileType = wrapper.framework; name = UIKit.framework; path = System/Library/Frameworks/UIKit.framework; sourceTree = SDKROOT; };
		497548901EAF4F570019655D /* VideoToolbox.framework */ = {isa = PBXFileReference; lastKnownFileType = wrapper.framework; name = VideoToolbox.framework; path = System/Library/Frameworks/VideoToolbox.framework; sourceTree = SDKROOT; };
		498551D01EB08C3300AB1CDC /* WZLocationManager.h */ = {isa = PBXFileReference; fileEncoding = 4; lastKnownFileType = sourcecode.c.h; name = WZLocationManager.h; path = "wz-inke/Class/Other/WZLocationManager.h"; sourceTree = SOURCE_ROOT; };
		498551D11EB08C3300AB1CDC /* WZLocationManager.m */ = {isa = PBXFileReference; fileEncoding = 4; lastKnownFileType = sourcecode.c.objc; name = WZLocationManager.m; path = "wz-inke/Class/Other/WZLocationManager.m"; sourceTree = SOURCE_ROOT; };
		498551D31EB095AB00AB1CDC /* WZNearLiveCell.h */ = {isa = PBXFileReference; fileEncoding = 4; lastKnownFileType = sourcecode.c.h; name = WZNearLiveCell.h; path = "wz-inke/Class/Other/WZNearLiveCell.h"; sourceTree = SOURCE_ROOT; };
		498551D41EB095AB00AB1CDC /* WZNearLiveCell.m */ = {isa = PBXFileReference; fileEncoding = 4; lastKnownFileType = sourcecode.c.objc; name = WZNearLiveCell.m; path = "wz-inke/Class/Other/WZNearLiveCell.m"; sourceTree = SOURCE_ROOT; };
		498551D51EB095AB00AB1CDC /* WZNearLiveCell.xib */ = {isa = PBXFileReference; fileEncoding = 4; lastKnownFileType = file.xib; name = WZNearLiveCell.xib; path = "wz-inke/Class/Other/WZNearLiveCell.xib"; sourceTree = SOURCE_ROOT; };
		49B772471EADA5BD003FDF57 /* inke.pch */ = {isa = PBXFileReference; fileEncoding = 4; lastKnownFileType = sourcecode.c.h; path = inke.pch; sourceTree = "<group>"; };
		49B772481EADCBE4003FDF57 /* WZMacros.h */ = {isa = PBXFileReference; fileEncoding = 4; lastKnownFileType = sourcecode.c.h; path = WZMacros.h; sourceTree = "<group>"; };
		49B772491EADCE23003FDF57 /* WZTabBarViewController.h */ = {isa = PBXFileReference; fileEncoding = 4; lastKnownFileType = sourcecode.c.h; name = WZTabBarViewController.h; path = "wz-inke/Class/Other/WZTabBarViewController.h"; sourceTree = SOURCE_ROOT; };
		49B7724A1EADCE23003FDF57 /* WZTabBarViewController.m */ = {isa = PBXFileReference; fileEncoding = 4; lastKnownFileType = sourcecode.c.objc; name = WZTabBarViewController.m; path = "wz-inke/Class/Other/WZTabBarViewController.m"; sourceTree = SOURCE_ROOT; };
		49B7724C1EADCE4A003FDF57 /* WZTabBar.h */ = {isa = PBXFileReference; fileEncoding = 4; lastKnownFileType = sourcecode.c.h; name = WZTabBar.h; path = "wz-inke/Class/Other/WZTabBar.h"; sourceTree = SOURCE_ROOT; };
		49B7724D1EADCE4A003FDF57 /* WZTabBar.m */ = {isa = PBXFileReference; fileEncoding = 4; lastKnownFileType = sourcecode.c.objc; name = WZTabBar.m; path = "wz-inke/Class/Other/WZTabBar.m"; sourceTree = SOURCE_ROOT; };
		49B7724F1EADD651003FDF57 /* WZBaseViewController.h */ = {isa = PBXFileReference; fileEncoding = 4; lastKnownFileType = sourcecode.c.h; name = WZBaseViewController.h; path = "wz-inke/Class/Other/WZBaseViewController.h"; sourceTree = SOURCE_ROOT; };
		49B772501EADD651003FDF57 /* WZBaseViewController.m */ = {isa = PBXFileReference; fileEncoding = 4; lastKnownFileType = sourcecode.c.objc; name = WZBaseViewController.m; path = "wz-inke/Class/Other/WZBaseViewController.m"; sourceTree = SOURCE_ROOT; };
		49B772521EADD66D003FDF57 /* WZMainViewController.h */ = {isa = PBXFileReference; fileEncoding = 4; lastKnownFileType = sourcecode.c.h; name = WZMainViewController.h; path = "wz-inke/Class/Other/WZMainViewController.h"; sourceTree = SOURCE_ROOT; };
		49B772531EADD66D003FDF57 /* WZMainViewController.m */ = {isa = PBXFileReference; fileEncoding = 4; lastKnownFileType = sourcecode.c.objc; name = WZMainViewController.m; path = "wz-inke/Class/Other/WZMainViewController.m"; sourceTree = SOURCE_ROOT; };
		49B772541EADD66D003FDF57 /* WZMainViewController.xib */ = {isa = PBXFileReference; fileEncoding = 4; lastKnownFileType = file.xib; name = WZMainViewController.xib; path = "wz-inke/Class/Other/WZMainViewController.xib"; sourceTree = SOURCE_ROOT; };
		49B772571EADD67E003FDF57 /* WZMeViewController.h */ = {isa = PBXFileReference; fileEncoding = 4; lastKnownFileType = sourcecode.c.h; name = WZMeViewController.h; path = "wz-inke/Class/Other/WZMeViewController.h"; sourceTree = SOURCE_ROOT; };
		49B772581EADD67E003FDF57 /* WZMeViewController.m */ = {isa = PBXFileReference; fileEncoding = 4; lastKnownFileType = sourcecode.c.objc; name = WZMeViewController.m; path = "wz-inke/Class/Other/WZMeViewController.m"; sourceTree = SOURCE_ROOT; };
		49B772591EADD67E003FDF57 /* WZMeViewController.xib */ = {isa = PBXFileReference; fileEncoding = 4; lastKnownFileType = file.xib; name = WZMeViewController.xib; path = "wz-inke/Class/Other/WZMeViewController.xib"; sourceTree = SOURCE_ROOT; };
		49B7725C1EADD767003FDF57 /* WZBaseNavViewController.h */ = {isa = PBXFileReference; fileEncoding = 4; lastKnownFileType = sourcecode.c.h; name = WZBaseNavViewController.h; path = "wz-inke/Class/Other/WZBaseNavViewController.h"; sourceTree = SOURCE_ROOT; };
		49B7725D1EADD767003FDF57 /* WZBaseNavViewController.m */ = {isa = PBXFileReference; fileEncoding = 4; lastKnownFileType = sourcecode.c.objc; name = WZBaseNavViewController.m; path = "wz-inke/Class/Other/WZBaseNavViewController.m"; sourceTree = SOURCE_ROOT; };
		49B7725F1EADE2CD003FDF57 /* WZLaunchViewController.h */ = {isa = PBXFileReference; fileEncoding = 4; lastKnownFileType = sourcecode.c.h; name = WZLaunchViewController.h; path = "wz-inke/Class/Other/WZLaunchViewController.h"; sourceTree = SOURCE_ROOT; };
		49B772601EADE2CD003FDF57 /* WZLaunchViewController.m */ = {isa = PBXFileReference; fileEncoding = 4; lastKnownFileType = sourcecode.c.objc; name = WZLaunchViewController.m; path = "wz-inke/Class/Other/WZLaunchViewController.m"; sourceTree = SOURCE_ROOT; };
		49B772611EADE2CD003FDF57 /* WZLaunchViewController.xib */ = {isa = PBXFileReference; fileEncoding = 4; lastKnownFileType = file.xib; name = WZLaunchViewController.xib; path = "wz-inke/Class/Other/WZLaunchViewController.xib"; sourceTree = SOURCE_ROOT; };
		49B772641EADEC0D003FDF57 /* WZFocuseViewController.h */ = {isa = PBXFileReference; fileEncoding = 4; lastKnownFileType = sourcecode.c.h; name = WZFocuseViewController.h; path = "wz-inke/Class/Other/WZFocuseViewController.h"; sourceTree = SOURCE_ROOT; };
		49B772651EADEC0D003FDF57 /* WZFocuseViewController.m */ = {isa = PBXFileReference; fileEncoding = 4; lastKnownFileType = sourcecode.c.objc; name = WZFocuseViewController.m; path = "wz-inke/Class/Other/WZFocuseViewController.m"; sourceTree = SOURCE_ROOT; };
		49B772661EADEC0D003FDF57 /* WZFocuseViewController.xib */ = {isa = PBXFileReference; fileEncoding = 4; lastKnownFileType = file.xib; name = WZFocuseViewController.xib; path = "wz-inke/Class/Other/WZFocuseViewController.xib"; sourceTree = SOURCE_ROOT; };
		49B772691EADEC23003FDF57 /* WZHotViewController.h */ = {isa = PBXFileReference; fileEncoding = 4; lastKnownFileType = sourcecode.c.h; name = WZHotViewController.h; path = "wz-inke/Class/Other/WZHotViewController.h"; sourceTree = SOURCE_ROOT; };
		49B7726A1EADEC23003FDF57 /* WZHotViewController.m */ = {isa = PBXFileReference; fileEncoding = 4; lastKnownFileType = sourcecode.c.objc; name = WZHotViewController.m; path = "wz-inke/Class/Other/WZHotViewController.m"; sourceTree = SOURCE_ROOT; };
		49B7726E1EADEC3A003FDF57 /* WZNearViewController.h */ = {isa = PBXFileReference; fileEncoding = 4; lastKnownFileType = sourcecode.c.h; name = WZNearViewController.h; path = "wz-inke/Class/Other/WZNearViewController.h"; sourceTree = SOURCE_ROOT; };
		49B7726F1EADEC3A003FDF57 /* WZNearViewController.m */ = {isa = PBXFileReference; fileEncoding = 4; lastKnownFileType = sourcecode.c.objc; name = WZNearViewController.m; path = "wz-inke/Class/Other/WZNearViewController.m"; sourceTree = SOURCE_ROOT; };
		49B772701EADEC3A003FDF57 /* WZNearViewController.xib */ = {isa = PBXFileReference; fileEncoding = 4; lastKnownFileType = file.xib; name = WZNearViewController.xib; path = "wz-inke/Class/Other/WZNearViewController.xib"; sourceTree = SOURCE_ROOT; };
		49B772731EADF4EB003FDF57 /* WZMainTopView.h */ = {isa = PBXFileReference; fileEncoding = 4; lastKnownFileType = sourcecode.c.h; name = WZMainTopView.h; path = "wz-inke/Class/Other/WZMainTopView.h"; sourceTree = SOURCE_ROOT; };
		49B772741EADF4EB003FDF57 /* WZMainTopView.m */ = {isa = PBXFileReference; fileEncoding = 4; lastKnownFileType = sourcecode.c.objc; name = WZMainTopView.m; path = "wz-inke/Class/Other/WZMainTopView.m"; sourceTree = SOURCE_ROOT; };
		49B772761EADFFF0003FDF57 /* APIConfig.h */ = {isa = PBXFileReference; fileEncoding = 4; lastKnownFileType = sourcecode.c.h; name = APIConfig.h; path = "wz-inke/Class/Other/APIConfig.h"; sourceTree = SOURCE_ROOT; };
		49EE51F21EB18E6B00C24582 /* Flow.h */ = {isa = PBXFileReference; fileEncoding = 4; lastKnownFileType = sourcecode.c.h; path = Flow.h; sourceTree = "<group>"; };
		49EE51F31EB18E6B00C24582 /* Flow.m */ = {isa = PBXFileReference; fileEncoding = 4; lastKnownFileType = sourcecode.c.objc; path = Flow.m; sourceTree = "<group>"; };
		8F729960E06E1043E4A3225D /* libPods-wz-inke.a */ = {isa = PBXFileReference; explicitFileType = archive.ar; includeInIndex = 0; path = "libPods-wz-inke.a"; sourceTree = BUILT_PRODUCTS_DIR; };
		AF7F46041EACF8570077105E /* wz-inke.app */ = {isa = PBXFileReference; explicitFileType = wrapper.application; includeInIndex = 0; path = "wz-inke.app"; sourceTree = BUILT_PRODUCTS_DIR; };
		AF7F46081EACF8570077105E /* main.m */ = {isa = PBXFileReference; lastKnownFileType = sourcecode.c.objc; path = main.m; sourceTree = "<group>"; };
		AF7F46131EACF8570077105E /* Assets.xcassets */ = {isa = PBXFileReference; lastKnownFileType = folder.assetcatalog; path = Assets.xcassets; sourceTree = "<group>"; };
		AF7F46181EACF8570077105E /* Info.plist */ = {isa = PBXFileReference; lastKnownFileType = text.plist.xml; path = Info.plist; sourceTree = "<group>"; };
		AF7F46351EACFB860077105E /* AppDelegate.h */ = {isa = PBXFileReference; fileEncoding = 4; lastKnownFileType = sourcecode.c.h; path = AppDelegate.h; sourceTree = "<group>"; };
		AF7F46361EACFB860077105E /* AppDelegate.m */ = {isa = PBXFileReference; fileEncoding = 4; lastKnownFileType = sourcecode.c.objc; path = AppDelegate.m; sourceTree = "<group>"; };
		AF856FEE1EAE378900B0EF75 /* HttpTool.h */ = {isa = PBXFileReference; fileEncoding = 4; lastKnownFileType = sourcecode.c.h; path = HttpTool.h; sourceTree = "<group>"; };
		AF856FEF1EAE378900B0EF75 /* HttpTool.m */ = {isa = PBXFileReference; fileEncoding = 4; lastKnownFileType = sourcecode.c.objc; path = HttpTool.m; sourceTree = "<group>"; };
		AF856FF01EAE378900B0EF75 /* UIImageView+SDWebImage.h */ = {isa = PBXFileReference; fileEncoding = 4; lastKnownFileType = sourcecode.c.h; path = "UIImageView+SDWebImage.h"; sourceTree = "<group>"; };
		AF856FF11EAE378900B0EF75 /* UIImageView+SDWebImage.m */ = {isa = PBXFileReference; fileEncoding = 4; lastKnownFileType = sourcecode.c.objc; path = "UIImageView+SDWebImage.m"; sourceTree = "<group>"; };
		AF856FF41EAE3A7000B0EF75 /* WZBaseHandler.h */ = {isa = PBXFileReference; fileEncoding = 4; lastKnownFileType = sourcecode.c.h; path = WZBaseHandler.h; sourceTree = "<group>"; };
		AF856FF51EAE3A7000B0EF75 /* WZBaseHandler.m */ = {isa = PBXFileReference; fileEncoding = 4; lastKnownFileType = sourcecode.c.objc; path = WZBaseHandler.m; sourceTree = "<group>"; };
		AF856FF71EAE3B1A00B0EF75 /* WZLiveHandler.h */ = {isa = PBXFileReference; fileEncoding = 4; lastKnownFileType = sourcecode.c.h; path = WZLiveHandler.h; sourceTree = "<group>"; };
		AF856FF81EAE3B1A00B0EF75 /* WZLiveHandler.m */ = {isa = PBXFileReference; fileEncoding = 4; lastKnownFileType = sourcecode.c.objc; path = WZLiveHandler.m; sourceTree = "<group>"; };
		AF85700B1EAE433000B0EF75 /* Creator.h */ = {isa = PBXFileReference; fileEncoding = 4; lastKnownFileType = sourcecode.c.h; path = Creator.h; sourceTree = "<group>"; };
		AF85700C1EAE433000B0EF75 /* Creator.m */ = {isa = PBXFileReference; fileEncoding = 4; lastKnownFileType = sourcecode.c.objc; path = Creator.m; sourceTree = "<group>"; };
		AF85700D1EAE433000B0EF75 /* Extra.h */ = {isa = PBXFileReference; fileEncoding = 4; lastKnownFileType = sourcecode.c.h; path = Extra.h; sourceTree = "<group>"; };
		AF85700E1EAE433000B0EF75 /* Extra.m */ = {isa = PBXFileReference; fileEncoding = 4; lastKnownFileType = sourcecode.c.objc; path = Extra.m; sourceTree = "<group>"; };
		AF85700F1EAE433000B0EF75 /* Label.h */ = {isa = PBXFileReference; fileEncoding = 4; lastKnownFileType = sourcecode.c.h; path = Label.h; sourceTree = "<group>"; };
		AF8570101EAE433000B0EF75 /* Label.m */ = {isa = PBXFileReference; fileEncoding = 4; lastKnownFileType = sourcecode.c.objc; path = Label.m; sourceTree = "<group>"; };
		AF8570111EAE433000B0EF75 /* Live.h */ = {isa = PBXFileReference; fileEncoding = 4; lastKnownFileType = sourcecode.c.h; path = Live.h; sourceTree = "<group>"; };
		AF8570121EAE433000B0EF75 /* Live.m */ = {isa = PBXFileReference; fileEncoding = 4; lastKnownFileType = sourcecode.c.objc; path = Live.m; sourceTree = "<group>"; };
		AF8570131EAE433000B0EF75 /* RootClass.h */ = {isa = PBXFileReference; fileEncoding = 4; lastKnownFileType = sourcecode.c.h; path = RootClass.h; sourceTree = "<group>"; };
		AF8570141EAE433000B0EF75 /* RootClass.m */ = {isa = PBXFileReference; fileEncoding = 4; lastKnownFileType = sourcecode.c.objc; path = RootClass.m; sourceTree = "<group>"; };
		D22C3D19C6B4D06E103F2000 /* Pods-wz-inke.debug.xcconfig */ = {isa = PBXFileReference; includeInIndex = 1; lastKnownFileType = text.xcconfig; name = "Pods-wz-inke.debug.xcconfig"; path = "Pods/Target Support Files/Pods-wz-inke/Pods-wz-inke.debug.xcconfig"; sourceTree = "<group>"; };
		EC60B0C503FF180DA4466C6E /* Pods-wz-inke.release.xcconfig */ = {isa = PBXFileReference; includeInIndex = 1; lastKnownFileType = text.xcconfig; name = "Pods-wz-inke.release.xcconfig"; path = "Pods/Target Support Files/Pods-wz-inke/Pods-wz-inke.release.xcconfig"; sourceTree = "<group>"; };
/* End PBXFileReference section */

/* Begin PBXFrameworksBuildPhase section */
		AF7F46011EACF8570077105E /* Frameworks */ = {
			isa = PBXFrameworksBuildPhase;
			buildActionMask = 2147483647;
			files = (
				493DAE5F1EB041AD00943F3A /* libstdc++.tbd in Frameworks */,
				497548911EAF4F570019655D /* VideoToolbox.framework in Frameworks */,
				4975488F1EAF4F510019655D /* UIKit.framework in Frameworks */,
				493DAE691EB061F100943F3A /* IJKMediaFramework.framework in Frameworks */,
				4975488D1EAF4F490019655D /* QuartzCore.framework in Frameworks */,
				4975488B1EAF4F410019655D /* OpenGLES.framework in Frameworks */,
				497548891EAF4F3A0019655D /* MobileCoreServices.framework in Frameworks */,
				497548871EAF4F300019655D /* MediaPlayer.framework in Frameworks */,
				497548851EAF4F280019655D /* libz.tbd in Frameworks */,
				497548831EAF4F220019655D /* libbz2.tbd in Frameworks */,
				497548811EAF4F150019655D /* CoreVideo.framework in Frameworks */,
				4975487F1EAF4F0E0019655D /* CoreMedia.framework in Frameworks */,
				4975487D1EAF4F060019655D /* CoreGraphics.framework in Frameworks */,
				4975487B1EAF4EFE0019655D /* AVFoundation.framework in Frameworks */,
				497548791EAF4EF60019655D /* AudioToolbox.framework in Frameworks */,
				BF5C65AAC89526D3F9B8FA04 /* libPods-wz-inke.a in Frameworks */,
			);
			runOnlyForDeploymentPostprocessing = 0;
		};
/* End PBXFrameworksBuildPhase section */

/* Begin PBXGroup section */
		6169A3FB5C8E513E1B1010CA /* Pods */ = {
			isa = PBXGroup;
			children = (
				D22C3D19C6B4D06E103F2000 /* Pods-wz-inke.debug.xcconfig */,
				EC60B0C503FF180DA4466C6E /* Pods-wz-inke.release.xcconfig */,
			);
			name = Pods;
			sourceTree = "<group>";
		};
		AF7F45FB1EACF8570077105E = {
			isa = PBXGroup;
			children = (
				AF7F46061EACF8570077105E /* wz-inke */,
				AF7F46051EACF8570077105E /* Products */,
				6169A3FB5C8E513E1B1010CA /* Pods */,
				E1992E0970866607C6E5FD1A /* Frameworks */,
			);
			sourceTree = "<group>";
		};
		AF7F46051EACF8570077105E /* Products */ = {
			isa = PBXGroup;
			children = (
				AF7F46041EACF8570077105E /* wz-inke.app */,
			);
			name = Products;
			sourceTree = "<group>";
		};
		AF7F46061EACF8570077105E /* wz-inke */ = {
			isa = PBXGroup;
			children = (
				AF7F461E1EACFB860077105E /* Class */,
				AF7F46071EACF8570077105E /* Supporting Files */,
			);
			path = "wz-inke";
			sourceTree = "<group>";
		};
		AF7F46071EACF8570077105E /* Supporting Files */ = {
			isa = PBXGroup;
			children = (
				AF7F46131EACF8570077105E /* Assets.xcassets */,
				AF7F46181EACF8570077105E /* Info.plist */,
				AF7F46081EACF8570077105E /* main.m */,
			);
			name = "Supporting Files";
			sourceTree = "<group>";
		};
		AF7F461E1EACFB860077105E /* Class */ = {
			isa = PBXGroup;
			children = (
				AF7F461F1EACFB860077105E /* Base */,
				AF7F46201EACFB860077105E /* Helper */,
				AF7F46231EACFB860077105E /* Launch */,
				AF7F46281EACFB860077105E /* Lib */,
				AF7F46291EACFB860077105E /* Live */,
				AF7F462E1EACFB860077105E /* Me */,
				AF7F46331EACFB860077105E /* Network */,
				AF7F46341EACFB860077105E /* Other */,
				AF7F46371EACFB860077105E /* Show */,
			);
			path = Class;
			sourceTree = "<group>";
		};
		AF7F461F1EACFB860077105E /* Base */ = {
			isa = PBXGroup;
			children = (
				49B772491EADCE23003FDF57 /* WZTabBarViewController.h */,
				49B7724A1EADCE23003FDF57 /* WZTabBarViewController.m */,
				49B7724C1EADCE4A003FDF57 /* WZTabBar.h */,
				49B7724D1EADCE4A003FDF57 /* WZTabBar.m */,
				49B7724F1EADD651003FDF57 /* WZBaseViewController.h */,
				49B772501EADD651003FDF57 /* WZBaseViewController.m */,
				49B7725C1EADD767003FDF57 /* WZBaseNavViewController.h */,
				49B7725D1EADD767003FDF57 /* WZBaseNavViewController.m */,
				AF856FF41EAE3A7000B0EF75 /* WZBaseHandler.h */,
				AF856FF51EAE3A7000B0EF75 /* WZBaseHandler.m */,
			);
			path = Base;
			sourceTree = "<group>";
		};
		AF7F46201EACFB860077105E /* Helper */ = {
			isa = PBXGroup;
			children = (
				AF7F46211EACFB860077105E /* Category */,
				AF7F46221EACFB860077105E /* Tools */,
			);
			path = Helper;
			sourceTree = "<group>";
		};
		AF7F46211EACFB860077105E /* Category */ = {
			isa = PBXGroup;
			children = (
			);
			path = Category;
			sourceTree = "<group>";
		};
		AF7F46221EACFB860077105E /* Tools */ = {
			isa = PBXGroup;
			children = (
				498551D01EB08C3300AB1CDC /* WZLocationManager.h */,
				498551D11EB08C3300AB1CDC /* WZLocationManager.m */,
			);
			path = Tools;
			sourceTree = "<group>";
		};
		AF7F46231EACFB860077105E /* Launch */ = {
			isa = PBXGroup;
			children = (
				AF7F46241EACFB860077105E /* Handler */,
				AF7F46251EACFB860077105E /* Model */,
				AF7F46261EACFB860077105E /* View */,
				AF7F46271EACFB860077105E /* ViewController */,
			);
			path = Launch;
			sourceTree = "<group>";
		};
		AF7F46241EACFB860077105E /* Handler */ = {
			isa = PBXGroup;
			children = (
			);
			path = Handler;
			sourceTree = "<group>";
		};
		AF7F46251EACFB860077105E /* Model */ = {
			isa = PBXGroup;
			children = (
			);
			path = Model;
			sourceTree = "<group>";
		};
		AF7F46261EACFB860077105E /* View */ = {
			isa = PBXGroup;
			children = (
			);
			path = View;
			sourceTree = "<group>";
		};
		AF7F46271EACFB860077105E /* ViewController */ = {
			isa = PBXGroup;
			children = (
			);
			path = ViewController;
			sourceTree = "<group>";
		};
		AF7F46281EACFB860077105E /* Lib */ = {
			isa = PBXGroup;
			children = (
			);
			path = Lib;
			sourceTree = "<group>";
		};
		AF7F46291EACFB860077105E /* Live */ = {
			isa = PBXGroup;
			children = (
				AF7F462A1EACFB860077105E /* Handler */,
				AF7F462B1EACFB860077105E /* Model */,
				AF7F462C1EACFB860077105E /* View */,
				AF7F462D1EACFB860077105E /* ViewController */,
			);
			path = Live;
			sourceTree = "<group>";
		};
		AF7F462A1EACFB860077105E /* Handler */ = {
			isa = PBXGroup;
			children = (
			);
			path = Handler;
			sourceTree = "<group>";
		};
		AF7F462B1EACFB860077105E /* Model */ = {
			isa = PBXGroup;
			children = (
			);
			path = Model;
			sourceTree = "<group>";
		};
		AF7F462C1EACFB860077105E /* View */ = {
			isa = PBXGroup;
			children = (
			);
			path = View;
			sourceTree = "<group>";
		};
		AF7F462D1EACFB860077105E /* ViewController */ = {
			isa = PBXGroup;
			children = (
				49B7725F1EADE2CD003FDF57 /* WZLaunchViewController.h */,
				49B772601EADE2CD003FDF57 /* WZLaunchViewController.m */,
				49B772611EADE2CD003FDF57 /* WZLaunchViewController.xib */,
			);
			path = ViewController;
			sourceTree = "<group>";
		};
		AF7F462E1EACFB860077105E /* Me */ = {
			isa = PBXGroup;
			children = (
				AF7F462F1EACFB860077105E /* Handler */,
				AF7F46301EACFB860077105E /* Model */,
				AF7F46311EACFB860077105E /* View */,
				AF7F46321EACFB860077105E /* ViewController */,
			);
			path = Me;
			sourceTree = "<group>";
		};
		AF7F462F1EACFB860077105E /* Handler */ = {
			isa = PBXGroup;
			children = (
			);
			path = Handler;
			sourceTree = "<group>";
		};
		AF7F46301EACFB860077105E /* Model */ = {
			isa = PBXGroup;
			children = (
			);
			path = Model;
			sourceTree = "<group>";
		};
		AF7F46311EACFB860077105E /* View */ = {
			isa = PBXGroup;
			children = (
			);
			path = View;
			sourceTree = "<group>";
		};
		AF7F46321EACFB860077105E /* ViewController */ = {
			isa = PBXGroup;
			children = (
			);
			path = ViewController;
			sourceTree = "<group>";
		};
		AF7F46331EACFB860077105E /* Network */ = {
			isa = PBXGroup;
			children = (
				49B772761EADFFF0003FDF57 /* APIConfig.h */,
				AF856FEE1EAE378900B0EF75 /* HttpTool.h */,
				AF856FEF1EAE378900B0EF75 /* HttpTool.m */,
				AF856FF01EAE378900B0EF75 /* UIImageView+SDWebImage.h */,
				AF856FF11EAE378900B0EF75 /* UIImageView+SDWebImage.m */,
			);
			path = Network;
			sourceTree = "<group>";
		};
		AF7F46341EACFB860077105E /* Other */ = {
			isa = PBXGroup;
			children = (
				AF7F46351EACFB860077105E /* AppDelegate.h */,
				AF7F46361EACFB860077105E /* AppDelegate.m */,
				49B772471EADA5BD003FDF57 /* inke.pch */,
				49B772481EADCBE4003FDF57 /* WZMacros.h */,
				4929C65F1EAEEFB600EF284C /* MJExtensionConfig.h */,
				4929C6601EAEEFB600EF284C /* MJExtensionConfig.m */,
			);
			path = Other;
			sourceTree = "<group>";
		};
		AF7F46371EACFB860077105E /* Show */ = {
			isa = PBXGroup;
			children = (
				AF7F46381EACFB860077105E /* Handler */,
				AF7F46391EACFB860077105E /* Model */,
				AF7F463A1EACFB860077105E /* View */,
				AF7F463B1EACFB860077105E /* ViewController */,
			);
			path = Show;
			sourceTree = "<group>";
		};
		AF7F46381EACFB860077105E /* Handler */ = {
			isa = PBXGroup;
			children = (
				AF856FF71EAE3B1A00B0EF75 /* WZLiveHandler.h */,
				AF856FF81EAE3B1A00B0EF75 /* WZLiveHandler.m */,
			);
			path = Handler;
			sourceTree = "<group>";
		};
		AF7F46391EACFB860077105E /* Model */ = {
			isa = PBXGroup;
			children = (
				AF85700B1EAE433000B0EF75 /* Creator.h */,
				AF85700C1EAE433000B0EF75 /* Creator.m */,
				AF85700D1EAE433000B0EF75 /* Extra.h */,
				AF85700E1EAE433000B0EF75 /* Extra.m */,
				AF85700F1EAE433000B0EF75 /* Label.h */,
				AF8570101EAE433000B0EF75 /* Label.m */,
				AF8570111EAE433000B0EF75 /* Live.h */,
				AF8570121EAE433000B0EF75 /* Live.m */,
				49EE51F21EB18E6B00C24582 /* Flow.h */,
				49EE51F31EB18E6B00C24582 /* Flow.m */,
				AF8570131EAE433000B0EF75 /* RootClass.h */,
				AF8570141EAE433000B0EF75 /* RootClass.m */,
			);
			path = Model;
			sourceTree = "<group>";
		};
		AF7F463A1EACFB860077105E /* View */ = {
			isa = PBXGroup;
			children = (
				49B772731EADF4EB003FDF57 /* WZMainTopView.h */,
				49B772741EADF4EB003FDF57 /* WZMainTopView.m */,
				4929C6621EAEF53900EF284C /* WZLiveCell.h */,
				4929C6631EAEF53900EF284C /* WZLiveCell.m */,
				4929C6641EAEF53900EF284C /* WZLiveCell.xib */,
				498551D31EB095AB00AB1CDC /* WZNearLiveCell.h */,
				498551D41EB095AB00AB1CDC /* WZNearLiveCell.m */,
				498551D51EB095AB00AB1CDC /* WZNearLiveCell.xib */,
			);
			path = View;
			sourceTree = "<group>";
		};
		AF7F463B1EACFB860077105E /* ViewController */ = {
			isa = PBXGroup;
			children = (
				49B772521EADD66D003FDF57 /* WZMainViewController.h */,
				49B772531EADD66D003FDF57 /* WZMainViewController.m */,
				49B772541EADD66D003FDF57 /* WZMainViewController.xib */,
				49B772571EADD67E003FDF57 /* WZMeViewController.h */,
				49B772581EADD67E003FDF57 /* WZMeViewController.m */,
				49B772591EADD67E003FDF57 /* WZMeViewController.xib */,
				49B772641EADEC0D003FDF57 /* WZFocuseViewController.h */,
				49B772651EADEC0D003FDF57 /* WZFocuseViewController.m */,
				49B772661EADEC0D003FDF57 /* WZFocuseViewController.xib */,
				49B772691EADEC23003FDF57 /* WZHotViewController.h */,
				49B7726A1EADEC23003FDF57 /* WZHotViewController.m */,
				493DAE651EB0552200943F3A /* WZPlayerViewController.h */,
				493DAE661EB0552200943F3A /* WZPlayerViewController.m */,
				49B7726E1EADEC3A003FDF57 /* WZNearViewController.h */,
				49B7726F1EADEC3A003FDF57 /* WZNearViewController.m */,
				49B772701EADEC3A003FDF57 /* WZNearViewController.xib */,
			);
			path = ViewController;
			sourceTree = "<group>";
		};
		E1992E0970866607C6E5FD1A /* Frameworks */ = {
			isa = PBXGroup;
			children = (
				493DAE681EB061F100943F3A /* IJKMediaFramework.framework */,
				493DAE5E1EB041AD00943F3A /* libstdc++.tbd */,
				497548901EAF4F570019655D /* VideoToolbox.framework */,
				4975488E1EAF4F500019655D /* UIKit.framework */,
				4975488C1EAF4F490019655D /* QuartzCore.framework */,
				4975488A1EAF4F410019655D /* OpenGLES.framework */,
				497548881EAF4F3A0019655D /* MobileCoreServices.framework */,
				497548861EAF4F300019655D /* MediaPlayer.framework */,
				497548841EAF4F280019655D /* libz.tbd */,
				497548821EAF4F220019655D /* libbz2.tbd */,
				497548801EAF4F150019655D /* CoreVideo.framework */,
				4975487E1EAF4F0E0019655D /* CoreMedia.framework */,
				4975487C1EAF4F060019655D /* CoreGraphics.framework */,
				4975487A1EAF4EFE0019655D /* AVFoundation.framework */,
				497548781EAF4EF60019655D /* AudioToolbox.framework */,
				8F729960E06E1043E4A3225D /* libPods-wz-inke.a */,
			);
			name = Frameworks;
			sourceTree = "<group>";
		};
/* End PBXGroup section */

/* Begin PBXNativeTarget section */
		AF7F46031EACF8570077105E /* wz-inke */ = {
			isa = PBXNativeTarget;
			buildConfigurationList = AF7F461B1EACF8570077105E /* Build configuration list for PBXNativeTarget "wz-inke" */;
			buildPhases = (
				B52EE048B9AD8D1D3AA90314 /* [CP] Check Pods Manifest.lock */,
				AF7F46001EACF8570077105E /* Sources */,
				AF7F46011EACF8570077105E /* Frameworks */,
				AF7F46021EACF8570077105E /* Resources */,
				3AA5D525873007DA8BC9CA40 /* [CP] Embed Pods Frameworks */,
				7661502C949F40B721AA282B /* [CP] Copy Pods Resources */,
			);
			buildRules = (
			);
			dependencies = (
			);
			name = "wz-inke";
			productName = "wz-inke";
			productReference = AF7F46041EACF8570077105E /* wz-inke.app */;
			productType = "com.apple.product-type.application";
		};
/* End PBXNativeTarget section */

/* Begin PBXProject section */
		AF7F45FC1EACF8570077105E /* Project object */ = {
			isa = PBXProject;
			attributes = {
				CLASSPREFIX = WZ;
				LastUpgradeCheck = 0830;
				ORGANIZATIONNAME = jwz;
				TargetAttributes = {
					AF7F46031EACF8570077105E = {
						CreatedOnToolsVersion = 8.3.2;
						DevelopmentTeam = N729L435R7;
						ProvisioningStyle = Automatic;
					};
				};
			};
			buildConfigurationList = AF7F45FF1EACF8570077105E /* Build configuration list for PBXProject "wz-inke" */;
			compatibilityVersion = "Xcode 3.2";
			developmentRegion = English;
			hasScannedForEncodings = 0;
			knownRegions = (
				en,
				Base,
			);
			mainGroup = AF7F45FB1EACF8570077105E;
			productRefGroup = AF7F46051EACF8570077105E /* Products */;
			projectDirPath = "";
			projectRoot = "";
			targets = (
				AF7F46031EACF8570077105E /* wz-inke */,
			);
		};
/* End PBXProject section */

/* Begin PBXResourcesBuildPhase section */
		AF7F46021EACF8570077105E /* Resources */ = {
			isa = PBXResourcesBuildPhase;
			buildActionMask = 2147483647;
			files = (
				4929C6661EAEF53900EF284C /* WZLiveCell.xib in Resources */,
				AF7F46141EACF8570077105E /* Assets.xcassets in Resources */,
				498551D71EB095AB00AB1CDC /* WZNearLiveCell.xib in Resources */,
				49B772681EADEC0D003FDF57 /* WZFocuseViewController.xib in Resources */,
				49B7725B1EADD67E003FDF57 /* WZMeViewController.xib in Resources */,
				49B772631EADE2CD003FDF57 /* WZLaunchViewController.xib in Resources */,
				49B772721EADEC3A003FDF57 /* WZNearViewController.xib in Resources */,
				49B772561EADD66D003FDF57 /* WZMainViewController.xib in Resources */,
			);
			runOnlyForDeploymentPostprocessing = 0;
		};
/* End PBXResourcesBuildPhase section */

/* Begin PBXShellScriptBuildPhase section */
		3AA5D525873007DA8BC9CA40 /* [CP] Embed Pods Frameworks */ = {
			isa = PBXShellScriptBuildPhase;
			buildActionMask = 2147483647;
			files = (
			);
			inputPaths = (
			);
			name = "[CP] Embed Pods Frameworks";
			outputPaths = (
			);
			runOnlyForDeploymentPostprocessing = 0;
			shellPath = /bin/sh;
			shellScript = "\"${SRCROOT}/Pods/Target Support Files/Pods-wz-inke/Pods-wz-inke-frameworks.sh\"\n";
			showEnvVarsInLog = 0;
		};
		7661502C949F40B721AA282B /* [CP] Copy Pods Resources */ = {
			isa = PBXShellScriptBuildPhase;
			buildActionMask = 2147483647;
			files = (
			);
			inputPaths = (
			);
			name = "[CP] Copy Pods Resources";
			outputPaths = (
			);
			runOnlyForDeploymentPostprocessing = 0;
			shellPath = /bin/sh;
			shellScript = "\"${SRCROOT}/Pods/Target Support Files/Pods-wz-inke/Pods-wz-inke-resources.sh\"\n";
			showEnvVarsInLog = 0;
		};
		B52EE048B9AD8D1D3AA90314 /* [CP] Check Pods Manifest.lock */ = {
			isa = PBXShellScriptBuildPhase;
			buildActionMask = 2147483647;
			files = (
			);
			inputPaths = (
			);
			name = "[CP] Check Pods Manifest.lock";
			outputPaths = (
			);
			runOnlyForDeploymentPostprocessing = 0;
			shellPath = /bin/sh;
			shellScript = "diff \"${PODS_PODFILE_DIR_PATH}/Podfile.lock\" \"${PODS_ROOT}/Manifest.lock\" > /dev/null\nif [ $? != 0 ] ; then\n    # print error to STDERR\n    echo \"error: The sandbox is not in sync with the Podfile.lock. Run 'pod install' or update your CocoaPods installation.\" >&2\n    exit 1\nfi\n";
			showEnvVarsInLog = 0;
		};
/* End PBXShellScriptBuildPhase section */

/* Begin PBXSourcesBuildPhase section */
		AF7F46001EACF8570077105E /* Sources */ = {
			isa = PBXSourcesBuildPhase;
			buildActionMask = 2147483647;
			files = (
				AF8570181EAE433000B0EF75 /* Live.m in Sources */,
				49EE51F41EB18E6B00C24582 /* Flow.m in Sources */,
				AF8570161EAE433000B0EF75 /* Extra.m in Sources */,
				49B772671EADEC0D003FDF57 /* WZFocuseViewController.m in Sources */,
				AF7F463C1EACFB860077105E /* AppDelegate.m in Sources */,
				AF7F46091EACF8570077105E /* main.m in Sources */,
				49B7724E1EADCE4A003FDF57 /* WZTabBar.m in Sources */,
				4929C6611EAEEFB600EF284C /* MJExtensionConfig.m in Sources */,
				AF8570191EAE433000B0EF75 /* RootClass.m in Sources */,
				AF856FF61EAE3A7000B0EF75 /* WZBaseHandler.m in Sources */,
				49B7724B1EADCE23003FDF57 /* WZTabBarViewController.m in Sources */,
				AF856FF31EAE378900B0EF75 /* UIImageView+SDWebImage.m in Sources */,
				49B7725E1EADD767003FDF57 /* WZBaseNavViewController.m in Sources */,
				49B7725A1EADD67E003FDF57 /* WZMeViewController.m in Sources */,
				49B772711EADEC3A003FDF57 /* WZNearViewController.m in Sources */,
				AF856FF91EAE3B1A00B0EF75 /* WZLiveHandler.m in Sources */,
				49B772621EADE2CD003FDF57 /* WZLaunchViewController.m in Sources */,
				4929C6651EAEF53900EF284C /* WZLiveCell.m in Sources */,
				498551D21EB08C3300AB1CDC /* WZLocationManager.m in Sources */,
				493DAE671EB0552200943F3A /* WZPlayerViewController.m in Sources */,
				49B772751EADF4EB003FDF57 /* WZMainTopView.m in Sources */,
				49B7726C1EADEC23003FDF57 /* WZHotViewController.m in Sources */,
				49B772551EADD66D003FDF57 /* WZMainViewController.m in Sources */,
				49B772511EADD651003FDF57 /* WZBaseViewController.m in Sources */,
				498551D61EB095AB00AB1CDC /* WZNearLiveCell.m in Sources */,
				AF8570151EAE433000B0EF75 /* Creator.m in Sources */,
				AF8570171EAE433000B0EF75 /* Label.m in Sources */,
				AF856FF21EAE378900B0EF75 /* HttpTool.m in Sources */,
			);
			runOnlyForDeploymentPostprocessing = 0;
		};
/* End PBXSourcesBuildPhase section */

/* Begin XCBuildConfiguration section */
		AF7F46191EACF8570077105E /* Debug */ = {
			isa = XCBuildConfiguration;
			buildSettings = {
				ALWAYS_SEARCH_USER_PATHS = NO;
				CLANG_ANALYZER_NONNULL = YES;
				CLANG_ANALYZER_NUMBER_OBJECT_CONVERSION = YES_AGGRESSIVE;
				CLANG_CXX_LANGUAGE_STANDARD = "gnu++0x";
				CLANG_CXX_LIBRARY = "libc++";
				CLANG_ENABLE_MODULES = YES;
				CLANG_ENABLE_OBJC_ARC = YES;
				CLANG_WARN_BOOL_CONVERSION = YES;
				CLANG_WARN_CONSTANT_CONVERSION = YES;
				CLANG_WARN_DIRECT_OBJC_ISA_USAGE = YES_ERROR;
				CLANG_WARN_DOCUMENTATION_COMMENTS = YES;
				CLANG_WARN_EMPTY_BODY = YES;
				CLANG_WARN_ENUM_CONVERSION = YES;
				CLANG_WARN_INFINITE_RECURSION = YES;
				CLANG_WARN_INT_CONVERSION = YES;
				CLANG_WARN_OBJC_ROOT_CLASS = YES_ERROR;
				CLANG_WARN_SUSPICIOUS_MOVE = YES;
				CLANG_WARN_UNREACHABLE_CODE = YES;
				CLANG_WARN__DUPLICATE_METHOD_MATCH = YES;
				"CODE_SIGN_IDENTITY[sdk=iphoneos*]" = "iPhone Developer";
				COPY_PHASE_STRIP = NO;
				DEBUG_INFORMATION_FORMAT = dwarf;
				ENABLE_STRICT_OBJC_MSGSEND = YES;
				ENABLE_TESTABILITY = YES;
				GCC_C_LANGUAGE_STANDARD = gnu99;
				GCC_DYNAMIC_NO_PIC = NO;
				GCC_NO_COMMON_BLOCKS = YES;
				GCC_OPTIMIZATION_LEVEL = 0;
				GCC_PREPROCESSOR_DEFINITIONS = (
					"DEBUG=1",
					"$(inherited)",
				);
				GCC_WARN_64_TO_32_BIT_CONVERSION = YES;
				GCC_WARN_ABOUT_RETURN_TYPE = YES_ERROR;
				GCC_WARN_UNDECLARED_SELECTOR = YES;
				GCC_WARN_UNINITIALIZED_AUTOS = YES_AGGRESSIVE;
				GCC_WARN_UNUSED_FUNCTION = YES;
				GCC_WARN_UNUSED_VARIABLE = YES;
				IPHONEOS_DEPLOYMENT_TARGET = 10.3;
				MTL_ENABLE_DEBUG_INFO = YES;
				ONLY_ACTIVE_ARCH = YES;
				SDKROOT = iphoneos;
				TARGETED_DEVICE_FAMILY = "1,2";
			};
			name = Debug;
		};
		AF7F461A1EACF8570077105E /* Release */ = {
			isa = XCBuildConfiguration;
			buildSettings = {
				ALWAYS_SEARCH_USER_PATHS = NO;
				CLANG_ANALYZER_NONNULL = YES;
				CLANG_ANALYZER_NUMBER_OBJECT_CONVERSION = YES_AGGRESSIVE;
				CLANG_CXX_LANGUAGE_STANDARD = "gnu++0x";
				CLANG_CXX_LIBRARY = "libc++";
				CLANG_ENABLE_MODULES = YES;
				CLANG_ENABLE_OBJC_ARC = YES;
				CLANG_WARN_BOOL_CONVERSION = YES;
				CLANG_WARN_CONSTANT_CONVERSION = YES;
				CLANG_WARN_DIRECT_OBJC_ISA_USAGE = YES_ERROR;
				CLANG_WARN_DOCUMENTATION_COMMENTS = YES;
				CLANG_WARN_EMPTY_BODY = YES;
				CLANG_WARN_ENUM_CONVERSION = YES;
				CLANG_WARN_INFINITE_RECURSION = YES;
				CLANG_WARN_INT_CONVERSION = YES;
				CLANG_WARN_OBJC_ROOT_CLASS = YES_ERROR;
				CLANG_WARN_SUSPICIOUS_MOVE = YES;
				CLANG_WARN_UNREACHABLE_CODE = YES;
				CLANG_WARN__DUPLICATE_METHOD_MATCH = YES;
				"CODE_SIGN_IDENTITY[sdk=iphoneos*]" = "iPhone Developer";
				COPY_PHASE_STRIP = NO;
				DEBUG_INFORMATION_FORMAT = "dwarf-with-dsym";
				ENABLE_NS_ASSERTIONS = NO;
				ENABLE_STRICT_OBJC_MSGSEND = YES;
				GCC_C_LANGUAGE_STANDARD = gnu99;
				GCC_NO_COMMON_BLOCKS = YES;
				GCC_WARN_64_TO_32_BIT_CONVERSION = YES;
				GCC_WARN_ABOUT_RETURN_TYPE = YES_ERROR;
				GCC_WARN_UNDECLARED_SELECTOR = YES;
				GCC_WARN_UNINITIALIZED_AUTOS = YES_AGGRESSIVE;
				GCC_WARN_UNUSED_FUNCTION = YES;
				GCC_WARN_UNUSED_VARIABLE = YES;
				IPHONEOS_DEPLOYMENT_TARGET = 10.3;
				MTL_ENABLE_DEBUG_INFO = NO;
				SDKROOT = iphoneos;
				TARGETED_DEVICE_FAMILY = "1,2";
				VALIDATE_PRODUCT = YES;
			};
			name = Release;
		};
		AF7F461C1EACF8570077105E /* Debug */ = {
			isa = XCBuildConfiguration;
			baseConfigurationReference = D22C3D19C6B4D06E103F2000 /* Pods-wz-inke.debug.xcconfig */;
			buildSettings = {
				ASSETCATALOG_COMPILER_APPICON_NAME = AppIcon;
				ASSETCATALOG_COMPILER_LAUNCHIMAGE_NAME = LaunchImage;
				DEVELOPMENT_TEAM = N729L435R7;
				FRAMEWORK_SEARCH_PATHS = (
					"$(inherited)",
					"$(PROJECT_DIR)",
					"$(PROJECT_DIR)/wz-inke/Class/Lib",
				);
				GCC_PREFIX_HEADER = "$(SRCROOT)/wz-inke/Class/Other/inke.pch";
				INFOPLIST_FILE = "wz-inke/Info.plist";
				IPHONEOS_DEPLOYMENT_TARGET = 8.0;
				LD_RUNPATH_SEARCH_PATHS = "$(inherited) @executable_path/Frameworks";
				PRODUCT_BUNDLE_IDENTIFIER = "com.Carduo.wz-inke";
				PRODUCT_NAME = "$(TARGET_NAME)";
				TARGETED_DEVICE_FAMILY = 1;
			};
			name = Debug;
		};
		AF7F461D1EACF8570077105E /* Release */ = {
			isa = XCBuildConfiguration;
			baseConfigurationReference = EC60B0C503FF180DA4466C6E /* Pods-wz-inke.release.xcconfig */;
			buildSettings = {
				ASSETCATALOG_COMPILER_APPICON_NAME = AppIcon;
				ASSETCATALOG_COMPILER_LAUNCHIMAGE_NAME = LaunchImage;
				DEVELOPMENT_TEAM = N729L435R7;
				FRAMEWORK_SEARCH_PATHS = (
					"$(inherited)",
					"$(PROJECT_DIR)",
					"$(PROJECT_DIR)/wz-inke/Class/Lib",
				);
				GCC_PREFIX_HEADER = "$(SRCROOT)/wz-inke/Class/Other/inke.pch";
				INFOPLIST_FILE = "wz-inke/Info.plist";
				IPHONEOS_DEPLOYMENT_TARGET = 8.0;
				LD_RUNPATH_SEARCH_PATHS = "$(inherited) @executable_path/Frameworks";
				PRODUCT_BUNDLE_IDENTIFIER = "com.Carduo.wz-inke";
				PRODUCT_NAME = "$(TARGET_NAME)";
				TARGETED_DEVICE_FAMILY = 1;
			};
			name = Release;
		};
/* End XCBuildConfiguration section */

/* Begin XCConfigurationList section */
		AF7F45FF1EACF8570077105E /* Build configuration list for PBXProject "wz-inke" */ = {
			isa = XCConfigurationList;
			buildConfigurations = (
				AF7F46191EACF8570077105E /* Debug */,
				AF7F461A1EACF8570077105E /* Release */,
			);
			defaultConfigurationIsVisible = 0;
			defaultConfigurationName = Release;
		};
		AF7F461B1EACF8570077105E /* Build configuration list for PBXNativeTarget "wz-inke" */ = {
			isa = XCConfigurationList;
			buildConfigurations = (
				AF7F461C1EACF8570077105E /* Debug */,
				AF7F461D1EACF8570077105E /* Release */,
			);
			defaultConfigurationIsVisible = 0;
			defaultConfigurationName = Release;
		};
/* End XCConfigurationList section */
	};
	rootObject = AF7F45FC1EACF8570077105E /* Project object */;
}
